// !$*UTF8*$!
{
	archiveVersion = 1;
	classes = {
	};
	objectVersion = 46;
	objects = {

/* Begin PBXFileReference section */
		020055911ADFBA4700739662 /* combined-visualization.py */ = {isa = PBXFileReference; fileEncoding = 4; lastKnownFileType = text.script.python; path = "combined-visualization.py"; sourceTree = "<group>"; };
		0201FB951AA6076600C01D11 /* pyvicon.py */ = {isa = PBXFileReference; fileEncoding = 4; lastKnownFileType = text.script.python; path = pyvicon.py; sourceTree = "<group>"; };
		0246D5851B0122D80042DAC9 /* check_angle_jitter.py */ = {isa = PBXFileReference; fileEncoding = 4; lastKnownFileType = text.script.python; path = check_angle_jitter.py; sourceTree = "<group>"; };
		0246D5861B01249D0042DAC9 /* performance_strokes.py */ = {isa = PBXFileReference; fileEncoding = 4; lastKnownFileType = text.script.python; path = performance_strokes.py; sourceTree = "<group>"; };
		0246D5871B0124C70042DAC9 /* angle_plane_calculation.py */ = {isa = PBXFileReference; fileEncoding = 4; lastKnownFileType = text.script.python; path = angle_plane_calculation.py; sourceTree = "<group>"; };
		0246D5891B0131F60042DAC9 /* jitter-trace-visualization.py */ = {isa = PBXFileReference; fileEncoding = 4; lastKnownFileType = text.script.python; path = "jitter-trace-visualization.py"; sourceTree = "<group>"; };
		0246D58A1B013FA60042DAC9 /* knife-angle-video.py */ = {isa = PBXFileReference; fileEncoding = 4; lastKnownFileType = text.script.python; path = "knife-angle-video.py"; sourceTree = "<group>"; };
		02574C521AF22FB8000FAC88 /* visualization.py */ = {isa = PBXFileReference; fileEncoding = 4; lastKnownFileType = text.script.python; path = visualization.py; sourceTree = "<group>"; };
		028B4FBA1AF16FA500CF66BC /* knife-angle-visualization.py */ = {isa = PBXFileReference; fileEncoding = 4; lastKnownFileType = text.script.python; path = "knife-angle-visualization.py"; sourceTree = "<group>"; };
		029CE4061AF674B50086C6DC /* jitter_trace_visualization.py */ = {isa = PBXFileReference; fileEncoding = 4; lastKnownFileType = text.script.python; path = jitter_trace_visualization.py; sourceTree = "<group>"; };
/* End PBXFileReference section */

/* Begin PBXGroup section */
		02CC153A1A85225900D0F898 = {
			isa = PBXGroup;
			children = (
				0201FB951AA6076600C01D11 /* pyvicon.py */,
				028B4FBA1AF16FA500CF66BC /* knife-angle-visualization.py */,
				0246D58A1B013FA60042DAC9 /* knife-angle-video.py */,
				029CE4061AF674B50086C6DC /* jitter_trace_visualization.py */,
				0246D5891B0131F60042DAC9 /* jitter-trace-visualization.py */,
				0246D5861B01249D0042DAC9 /* performance_strokes.py */,
				020055911ADFBA4700739662 /* combined-visualization.py */,
				02574C521AF22FB8000FAC88 /* visualization.py */,
				0246D5851B0122D80042DAC9 /* check_angle_jitter.py */,
				0246D5871B0124C70042DAC9 /* angle_plane_calculation.py */,
			);
			sourceTree = "<group>";
		};
/* End PBXGroup section */

/* Begin PBXLegacyTarget section */
		02CC153F1A85225900D0F898 /* Trial_0 */ = {
			isa = PBXLegacyTarget;
			buildArgumentsString = "$(ACTION)";
			buildConfigurationList = 02CC15421A85225900D0F898 /* Build configuration list for PBXLegacyTarget "Trial_0" */;
			buildPhases = (
			);
			buildToolPath = /usr/bin/python;
			dependencies = (
			);
			name = Trial_0;
			passBuildSettingsInEnvironment = 1;
			productName = Trial_0;
		};
/* End PBXLegacyTarget section */

/* Begin PBXProject section */
		02CC153B1A85225900D0F898 /* Project object */ = {
			isa = PBXProject;
			attributes = {
				LastUpgradeCheck = 0510;
				ORGANIZATIONNAME = "RWTH Aachen";
			};
			buildConfigurationList = 02CC153E1A85225900D0F898 /* Build configuration list for PBXProject "Trial_0" */;
			compatibilityVersion = "Xcode 3.2";
			developmentRegion = English;
			hasScannedForEncodings = 0;
			knownRegions = (
				en,
			);
			mainGroup = 02CC153A1A85225900D0F898;
			projectDirPath = "";
			projectRoot = "";
			targets = (
				02CC153F1A85225900D0F898 /* Trial_0 */,
			);
		};
/* End PBXProject section */

/* Begin XCBuildConfiguration section */
		02CC15401A85225900D0F898 /* Debug */ = {
			isa = XCBuildConfiguration;
			buildSettings = {
				ALWAYS_SEARCH_USER_PATHS = NO;
				CLANG_CXX_LANGUAGE_STANDARD = "gnu++0x";
				CLANG_CXX_LIBRARY = "libc++";
				CLANG_ENABLE_MODULES = YES;
				CLANG_ENABLE_OBJC_ARC = YES;
				CLANG_WARN_BOOL_CONVERSION = YES;
				CLANG_WARN_CONSTANT_CONVERSION = YES;
				CLANG_WARN_DIRECT_OBJC_ISA_USAGE = YES_ERROR;
				CLANG_WARN_EMPTY_BODY = YES;
				CLANG_WARN_ENUM_CONVERSION = YES;
				CLANG_WARN_INT_CONVERSION = YES;
				CLANG_WARN_OBJC_ROOT_CLASS = YES_ERROR;
				CLANG_WARN__DUPLICATE_METHOD_MATCH = YES;
				COPY_PHASE_STRIP = NO;
				GCC_C_LANGUAGE_STANDARD = gnu99;
				GCC_DYNAMIC_NO_PIC = NO;
				GCC_ENABLE_OBJC_EXCEPTIONS = YES;
				GCC_OPTIMIZATION_LEVEL = 0;
				GCC_PREPROCESSOR_DEFINITIONS = (
					"DEBUG=1",
					"$(inherited)",
				);
				GCC_SYMBOLS_PRIVATE_EXTERN = NO;
				GCC_WARN_64_TO_32_BIT_CONVERSION = YES;
				GCC_WARN_ABOUT_RETURN_TYPE = YES_ERROR;
				GCC_WARN_UNDECLARED_SELECTOR = YES;
				GCC_WARN_UNINITIALIZED_AUTOS = YES_AGGRESSIVE;
				GCC_WARN_UNUSED_FUNCTION = YES;
				GCC_WARN_UNUSED_VARIABLE = YES;
				MACOSX_DEPLOYMENT_TARGET = 10.9;
				ONLY_ACTIVE_ARCH = YES;
				SDKROOT = macosx;
			};
			name = Debug;
		};
		02CC15411A85225900D0F898 /* Release */ = {
			isa = XCBuildConfiguration;
			buildSettings = {
				ALWAYS_SEARCH_USER_PATHS = NO;
				CLANG_CXX_LANGUAGE_STANDARD = "gnu++0x";
				CLANG_CXX_LIBRARY = "libc++";
				CLANG_ENABLE_MODULES = YES;
				CLANG_ENABLE_OBJC_ARC = YES;
				CLANG_WARN_BOOL_CONVERSION = YES;
				CLANG_WARN_CONSTANT_CONVERSION = YES;
				CLANG_WARN_DIRECT_OBJC_ISA_USAGE = YES_ERROR;
				CLANG_WARN_EMPTY_BODY = YES;
				CLANG_WARN_ENUM_CONVERSION = YES;
				CLANG_WARN_INT_CONVERSION = YES;
				CLANG_WARN_OBJC_ROOT_CLASS = YES_ERROR;
				CLANG_WARN__DUPLICATE_METHOD_MATCH = YES;
				COPY_PHASE_STRIP = YES;
				DEBUG_INFORMATION_FORMAT = "dwarf-with-dsym";
				ENABLE_NS_ASSERTIONS = NO;
				GCC_C_LANGUAGE_STANDARD = gnu99;
				GCC_ENABLE_OBJC_EXCEPTIONS = YES;
				GCC_WARN_64_TO_32_BIT_CONVERSION = YES;
				GCC_WARN_ABOUT_RETURN_TYPE = YES_ERROR;
				GCC_WARN_UNDECLARED_SELECTOR = YES;
				GCC_WARN_UNINITIALIZED_AUTOS = YES_AGGRESSIVE;
				GCC_WARN_UNUSED_FUNCTION = YES;
				GCC_WARN_UNUSED_VARIABLE = YES;
				MACOSX_DEPLOYMENT_TARGET = 10.9;
				SDKROOT = macosx;
			};
			name = Release;
		};
		02CC15431A85225900D0F898 /* Debug */ = {
			isa = XCBuildConfiguration;
			buildSettings = {
				ALWAYS_SEARCH_USER_PATHS = Yes;
				DEBUGGING_SYMBOLS = YES;
				GCC_GENERATE_DEBUGGING_SYMBOLS = YES;
				GCC_OPTIMIZATION_LEVEL = 0;
				OTHER_CFLAGS = "";
				OTHER_LDFLAGS = "";
				PRODUCT_NAME = "$(TARGET_NAME)";
			};
			name = Debug;
		};
		02CC15441A85225900D0F898 /* Release */ = {
			isa = XCBuildConfiguration;
			buildSettings = {
				ALWAYS_SEARCH_USER_PATHS = Yes;
				OTHER_CFLAGS = "";
				OTHER_LDFLAGS = "";
				PRODUCT_NAME = "$(TARGET_NAME)";
			};
			name = Release;
		};
/* End XCBuildConfiguration section */

/* Begin XCConfigurationList section */
		02CC153E1A85225900D0F898 /* Build configuration list for PBXProject "Trial_0" */ = {
			isa = XCConfigurationList;
			buildConfigurations = (
				02CC15401A85225900D0F898 /* Debug */,
				02CC15411A85225900D0F898 /* Release */,
			);
			defaultConfigurationIsVisible = 0;
			defaultConfigurationName = Release;
		};
		02CC15421A85225900D0F898 /* Build configuration list for PBXLegacyTarget "Trial_0" */ = {
			isa = XCConfigurationList;
			buildConfigurations = (
				02CC15431A85225900D0F898 /* Debug */,
				02CC15441A85225900D0F898 /* Release */,
			);
			defaultConfigurationIsVisible = 0;
			defaultConfigurationName = Release;
		};
/* End XCConfigurationList section */
	};
	rootObject = 02CC153B1A85225900D0F898 /* Project object */;
}
